
Microsoft Visual Studio Solution File, Format Version 12.00
# Visual Studio Version 17
VisualStudioVersion = 17.8.34330.188
MinimumVisualStudioVersion = 10.0.40219.1
Project("{9A19103F-16F7-4668-BE54-9A1E7A4F7556}") = "NewVersions", "NewVersions\NewVersions.csproj", "{E0FFCD8E-D8C5-426F-8400-C4F6D14D3796}"
EndProject
Project("{9A19103F-16F7-4668-BE54-9A1E7A4F7556}") = "NewVersionsWebApplication", "NewVersionsWebApplication\NewVersionsWebApplication.csproj", "{C7A01AAA-C8DC-4A52-BE26-36F5377F181D}"
EndProject
Project("{9A19103F-16F7-4668-BE54-9A1E7A4F7556}") = "AOPweb", "AOPweb\AOPweb.csproj", "{7A0AE146-E931-4DA3-83BC-486F5F6AA51C}"
EndProject
Project("{FAE04EC0-301F-11D3-BF4B-00C04F79EFBC}") = "BanchMarkTest", "BanchMarkTest\BanchMarkTest.csproj", "{9583BEFF-E4A0-4C30-B7A5-7F2B8D0BE799}"
EndProject
Global
	GlobalSection(SolutionConfigurationPlatforms) = preSolution
		Debug|Any CPU = Debug|Any CPU
		Release|Any CPU = Release|Any CPU
	EndGlobalSection
	GlobalSection(ProjectConfigurationPlatforms) = postSolution
		{E0FFCD8E-D8C5-426F-8400-C4F6D14D3796}.Debug|Any CPU.ActiveCfg = Debug|Any CPU
		{E0FFCD8E-D8C5-426F-8400-C4F6D14D3796}.Debug|Any CPU.Build.0 = Debug|Any CPU
		{E0FFCD8E-D8C5-426F-8400-C4F6D14D3796}.Release|Any CPU.ActiveCfg = Release|Any CPU
		{E0FFCD8E-D8C5-426F-8400-C4F6D14D3796}.Release|Any CPU.Build.0 = Release|Any CPU
		{C7A01AAA-C8DC-4A52-BE26-36F5377F181D}.Debug|Any CPU.ActiveCfg = Debug|Any CPU
		{C7A01AAA-C8DC-4A52-BE26-36F5377F181D}.Debug|Any CPU.Build.0 = Debug|Any CPU
		{C7A01AAA-C8DC-4A52-BE26-36F5377F181D}.Release|Any CPU.ActiveCfg = Release|Any CPU
		{C7A01AAA-C8DC-4A52-BE26-36F5377F181D}.Release|Any CPU.Build.0 = Release|Any CPU
		{7A0AE146-E931-4DA3-83BC-486F5F6AA51C}.Debug|Any CPU.ActiveCfg = Debug|Any CPU
		{7A0AE146-E931-4DA3-83BC-486F5F6AA51C}.Debug|Any CPU.Build.0 = Debug|Any CPU
		{7A0AE146-E931-4DA3-83BC-486F5F6AA51C}.Release|Any CPU.ActiveCfg = Release|Any CPU
		{7A0AE146-E931-4DA3-83BC-486F5F6AA51C}.Release|Any CPU.Build.0 = Release|Any CPU
		{9583BEFF-E4A0-4C30-B7A5-7F2B8D0BE799}.Debug|Any CPU.ActiveCfg = Debug|Any CPU
		{9583BEFF-E4A0-4C30-B7A5-7F2B8D0BE799}.Debug|Any CPU.Build.0 = Debug|Any CPU
		{9583BEFF-E4A0-4C30-B7A5-7F2B8D0BE799}.Release|Any CPU.ActiveCfg = Release|Any CPU
		{9583BEFF-E4A0-4C30-B7A5-7F2B8D0BE799}.Release|Any CPU.Build.0 = Release|Any CPU
	EndGlobalSection
	GlobalSection(SolutionProperties) = preSolution
		HideSolutionNode = FALSE
	EndGlobalSection
	GlobalSection(ExtensibilityGlobals) = postSolution
		SolutionGuid = {923DCA61-AB02-4C85-A992-9F93FF0E0674}
	EndGlobalSection
EndGlobal
